
Microsoft Visual Studio Solution File, Format Version 12.00
# Visual Studio Version 16
VisualStudioVersion = 16.0.31624.102
MinimumVisualStudioVersion = 10.0.40219.1
Project("{FAE04EC0-301F-11D3-BF4B-00C04F79EFBC}") = "LB7", "LB7.csproj", "{37BA850E-A1AE-40A9-97B0-B8C1723A368D}"
EndProject
Global
	GlobalSection(SolutionConfigurationPlatforms) = preSolution
		Debug|Any CPU = Debug|Any CPU
		Release|Any CPU = Release|Any CPU
	EndGlobalSection
	GlobalSection(ProjectConfigurationPlatforms) = postSolution
		{37BA850E-A1AE-40A9-97B0-B8C1723A368D}.Debug|Any CPU.ActiveCfg = Debug|Any CPU
		{37BA850E-A1AE-40A9-97B0-B8C1723A368D}.Debug|Any CPU.Build.0 = Debug|Any CPU
		{37BA850E-A1AE-40A9-97B0-B8C1723A368D}.Release|Any CPU.ActiveCfg = Release|Any CPU
		{37BA850E-A1AE-40A9-97B0-B8C1723A368D}.Release|Any CPU.Build.0 = Release|Any CPU
	EndGlobalSection
	GlobalSection(SolutionProperties) = preSolution
		HideSolutionNode = FALSE
	EndGlobalSection
	GlobalSection(ExtensibilityGlobals) = postSolution
		SolutionGuid = {AC22AB70-E04D-42CC-8391-6415467B6A7B}
	EndGlobalSection
EndGlobal
